// !$*UTF8*$!
{
	archiveVersion = 1;
	classes = {
	};
	objectVersion = 46;
	objects = {

/* Begin PBXBuildFile section */
		75AD62CF18BAB1050052EF62 /* picture.png in Resources */ = {isa = PBXBuildFile; fileRef = 75AD62CE18BAB1050052EF62 /* picture.png */; };
		75B2D94318D798EC00C5808F /* DKPreviewViewController.m in Sources */ = {isa = PBXBuildFile; fileRef = 75B2D94218D798EC00C5808F /* DKPreviewViewController.m */; };
		75C74DAC18BA9A8E00BD09BC /* Foundation.framework in Frameworks */ = {isa = PBXBuildFile; fileRef = 75C74DAB18BA9A8E00BD09BC /* Foundation.framework */; };
		75C74DAE18BA9A8E00BD09BC /* CoreGraphics.framework in Frameworks */ = {isa = PBXBuildFile; fileRef = 75C74DAD18BA9A8E00BD09BC /* CoreGraphics.framework */; };
		75C74DB018BA9A8E00BD09BC /* UIKit.framework in Frameworks */ = {isa = PBXBuildFile; fileRef = 75C74DAF18BA9A8E00BD09BC /* UIKit.framework */; };
		75C74DB618BA9A8F00BD09BC /* InfoPlist.strings in Resources */ = {isa = PBXBuildFile; fileRef = 75C74DB418BA9A8F00BD09BC /* InfoPlist.strings */; };
		75C74DB818BA9A8F00BD09BC /* main.m in Sources */ = {isa = PBXBuildFile; fileRef = 75C74DB718BA9A8F00BD09BC /* main.m */; };
		75C74DBC18BA9A8F00BD09BC /* DKAppDelegate.m in Sources */ = {isa = PBXBuildFile; fileRef = 75C74DBB18BA9A8F00BD09BC /* DKAppDelegate.m */; };
		75C74DBF18BA9A8F00BD09BC /* Main.storyboard in Resources */ = {isa = PBXBuildFile; fileRef = 75C74DBD18BA9A8F00BD09BC /* Main.storyboard */; };
		75C74DC218BA9A8F00BD09BC /* DKViewController.m in Sources */ = {isa = PBXBuildFile; fileRef = 75C74DC118BA9A8F00BD09BC /* DKViewController.m */; };
		75C74DC418BA9A8F00BD09BC /* Images.xcassets in Resources */ = {isa = PBXBuildFile; fileRef = 75C74DC318BA9A8F00BD09BC /* Images.xcassets */; };
		75C74DCB18BA9A8F00BD09BC /* XCTest.framework in Frameworks */ = {isa = PBXBuildFile; fileRef = 75C74DCA18BA9A8F00BD09BC /* XCTest.framework */; };
		75C74DCC18BA9A8F00BD09BC /* Foundation.framework in Frameworks */ = {isa = PBXBuildFile; fileRef = 75C74DAB18BA9A8E00BD09BC /* Foundation.framework */; };
		75C74DCD18BA9A8F00BD09BC /* UIKit.framework in Frameworks */ = {isa = PBXBuildFile; fileRef = 75C74DAF18BA9A8E00BD09BC /* UIKit.framework */; };
		75C74DD518BA9A8F00BD09BC /* InfoPlist.strings in Resources */ = {isa = PBXBuildFile; fileRef = 75C74DD318BA9A8F00BD09BC /* InfoPlist.strings */; };
		75C74DD718BA9A8F00BD09BC /* DKImageViewTests.m in Sources */ = {isa = PBXBuildFile; fileRef = 75C74DD618BA9A8F00BD09BC /* DKImageViewTests.m */; };
		75C74DE718BA9B3900BD09BC /* IISideController.m in Sources */ = {isa = PBXBuildFile; fileRef = 75C74DE218BA9B3900BD09BC /* IISideController.m */; };
		75C74DE818BA9B3900BD09BC /* IIViewDeckController.m in Sources */ = {isa = PBXBuildFile; fileRef = 75C74DE418BA9B3900BD09BC /* IIViewDeckController.m */; };
		75C74DE918BA9B3900BD09BC /* IIWrapController.m in Sources */ = {isa = PBXBuildFile; fileRef = 75C74DE618BA9B3900BD09BC /* IIWrapController.m */; };
		75C74DEC18BA9C9E00BD09BC /* DKSideViewController.m in Sources */ = {isa = PBXBuildFile; fileRef = 75C74DEB18BA9C9E00BD09BC /* DKSideViewController.m */; };
		75C74DEE18BAA36700BD09BC /* bg.png in Resources */ = {isa = PBXBuildFile; fileRef = 75C74DED18BAA36700BD09BC /* bg.png */; };
		75C74DFB18BAA53300BD09BC /* DKImageView.m in Sources */ = {isa = PBXBuildFile; fileRef = 75C74DF418BAA53300BD09BC /* DKImageView.m */; };
		75C74DFC18BAA53300BD09BC /* DKBlackOverlayView.m in Sources */ = {isa = PBXBuildFile; fileRef = 75C74DF618BAA53300BD09BC /* DKBlackOverlayView.m */; };
		75C74DFD18BAA53300BD09BC /* DKImageOverlayView.m in Sources */ = {isa = PBXBuildFile; fileRef = 75C74DF818BAA53300BD09BC /* DKImageOverlayView.m */; };
		75C74DFE18BAA53300BD09BC /* DKOverlayView.m in Sources */ = {isa = PBXBuildFile; fileRef = 75C74DFA18BAA53300BD09BC /* DKOverlayView.m */; };
		75C74E0118BAA8F700BD09BC /* DKRatio.m in Sources */ = {isa = PBXBuildFile; fileRef = 75C74E0018BAA8F700BD09BC /* DKRatio.m */; };
/* End PBXBuildFile section */

/* Begin PBXContainerItemProxy section */
		75C74DCE18BA9A8F00BD09BC /* PBXContainerItemProxy */ = {
			isa = PBXContainerItemProxy;
			containerPortal = 75C74DA018BA9A8E00BD09BC /* Project object */;
			proxyType = 1;
			remoteGlobalIDString = 75C74DA718BA9A8E00BD09BC;
			remoteInfo = DKImageView;
		};
/* End PBXContainerItemProxy section */

/* Begin PBXFileReference section */
		75AD62CE18BAB1050052EF62 /* picture.png */ = {isa = PBXFileReference; lastKnownFileType = image.png; path = picture.png; sourceTree = "<group>"; };
		75B2D94118D798EC00C5808F /* DKPreviewViewController.h */ = {isa = PBXFileReference; fileEncoding = 4; lastKnownFileType = sourcecode.c.h; name = DKPreviewViewController.h; path = DKPreviewViewController/DKPreviewViewController.h; sourceTree = "<group>"; };
		75B2D94218D798EC00C5808F /* DKPreviewViewController.m */ = {isa = PBXFileReference; fileEncoding = 4; lastKnownFileType = sourcecode.c.objc; name = DKPreviewViewController.m; path = DKPreviewViewController/DKPreviewViewController.m; sourceTree = "<group>"; };
		75C74DA818BA9A8E00BD09BC /* DKImageView.app */ = {isa = PBXFileReference; explicitFileType = wrapper.application; includeInIndex = 0; path = DKImageView.app; sourceTree = BUILT_PRODUCTS_DIR; };
		75C74DAB18BA9A8E00BD09BC /* Foundation.framework */ = {isa = PBXFileReference; lastKnownFileType = wrapper.framework; name = Foundation.framework; path = System/Library/Frameworks/Foundation.framework; sourceTree = SDKROOT; };
		75C74DAD18BA9A8E00BD09BC /* CoreGraphics.framework */ = {isa = PBXFileReference; lastKnownFileType = wrapper.framework; name = CoreGraphics.framework; path = System/Library/Frameworks/CoreGraphics.framework; sourceTree = SDKROOT; };
		75C74DAF18BA9A8E00BD09BC /* UIKit.framework */ = {isa = PBXFileReference; lastKnownFileType = wrapper.framework; name = UIKit.framework; path = System/Library/Frameworks/UIKit.framework; sourceTree = SDKROOT; };
		75C74DB318BA9A8F00BD09BC /* DKImageView-Info.plist */ = {isa = PBXFileReference; lastKnownFileType = text.plist.xml; path = "DKImageView-Info.plist"; sourceTree = "<group>"; };
		75C74DB518BA9A8F00BD09BC /* en */ = {isa = PBXFileReference; lastKnownFileType = text.plist.strings; name = en; path = en.lproj/InfoPlist.strings; sourceTree = "<group>"; };
		75C74DB718BA9A8F00BD09BC /* main.m */ = {isa = PBXFileReference; lastKnownFileType = sourcecode.c.objc; path = main.m; sourceTree = "<group>"; };
		75C74DB918BA9A8F00BD09BC /* DKImageView-Prefix.pch */ = {isa = PBXFileReference; lastKnownFileType = sourcecode.c.h; path = "DKImageView-Prefix.pch"; sourceTree = "<group>"; };
		75C74DBA18BA9A8F00BD09BC /* DKAppDelegate.h */ = {isa = PBXFileReference; lastKnownFileType = sourcecode.c.h; path = DKAppDelegate.h; sourceTree = "<group>"; };
		75C74DBB18BA9A8F00BD09BC /* DKAppDelegate.m */ = {isa = PBXFileReference; lastKnownFileType = sourcecode.c.objc; path = DKAppDelegate.m; sourceTree = "<group>"; };
		75C74DBE18BA9A8F00BD09BC /* Base */ = {isa = PBXFileReference; lastKnownFileType = file.storyboard; name = Base; path = Base.lproj/Main.storyboard; sourceTree = "<group>"; };
		75C74DC018BA9A8F00BD09BC /* DKViewController.h */ = {isa = PBXFileReference; lastKnownFileType = sourcecode.c.h; path = DKViewController.h; sourceTree = "<group>"; };
		75C74DC118BA9A8F00BD09BC /* DKViewController.m */ = {isa = PBXFileReference; lastKnownFileType = sourcecode.c.objc; path = DKViewController.m; sourceTree = "<group>"; };
		75C74DC318BA9A8F00BD09BC /* Images.xcassets */ = {isa = PBXFileReference; lastKnownFileType = folder.assetcatalog; path = Images.xcassets; sourceTree = "<group>"; };
		75C74DC918BA9A8F00BD09BC /* DKImageViewTests.xctest */ = {isa = PBXFileReference; explicitFileType = wrapper.cfbundle; includeInIndex = 0; path = DKImageViewTests.xctest; sourceTree = BUILT_PRODUCTS_DIR; };
		75C74DCA18BA9A8F00BD09BC /* XCTest.framework */ = {isa = PBXFileReference; lastKnownFileType = wrapper.framework; name = XCTest.framework; path = Library/Frameworks/XCTest.framework; sourceTree = DEVELOPER_DIR; };
		75C74DD218BA9A8F00BD09BC /* DKImageViewTests-Info.plist */ = {isa = PBXFileReference; lastKnownFileType = text.plist.xml; path = "DKImageViewTests-Info.plist"; sourceTree = "<group>"; };
		75C74DD418BA9A8F00BD09BC /* en */ = {isa = PBXFileReference; lastKnownFileType = text.plist.strings; name = en; path = en.lproj/InfoPlist.strings; sourceTree = "<group>"; };
		75C74DD618BA9A8F00BD09BC /* DKImageViewTests.m */ = {isa = PBXFileReference; lastKnownFileType = sourcecode.c.objc; path = DKImageViewTests.m; sourceTree = "<group>"; };
		75C74DE118BA9B3900BD09BC /* IISideController.h */ = {isa = PBXFileReference; fileEncoding = 4; lastKnownFileType = sourcecode.c.h; path = IISideController.h; sourceTree = "<group>"; };
		75C74DE218BA9B3900BD09BC /* IISideController.m */ = {isa = PBXFileReference; fileEncoding = 4; lastKnownFileType = sourcecode.c.objc; path = IISideController.m; sourceTree = "<group>"; };
		75C74DE318BA9B3900BD09BC /* IIViewDeckController.h */ = {isa = PBXFileReference; fileEncoding = 4; lastKnownFileType = sourcecode.c.h; path = IIViewDeckController.h; sourceTree = "<group>"; };
		75C74DE418BA9B3900BD09BC /* IIViewDeckController.m */ = {isa = PBXFileReference; fileEncoding = 4; lastKnownFileType = sourcecode.c.objc; path = IIViewDeckController.m; sourceTree = "<group>"; };
		75C74DE518BA9B3900BD09BC /* IIWrapController.h */ = {isa = PBXFileReference; fileEncoding = 4; lastKnownFileType = sourcecode.c.h; path = IIWrapController.h; sourceTree = "<group>"; };
		75C74DE618BA9B3900BD09BC /* IIWrapController.m */ = {isa = PBXFileReference; fileEncoding = 4; lastKnownFileType = sourcecode.c.objc; path = IIWrapController.m; sourceTree = "<group>"; };
		75C74DEA18BA9C9E00BD09BC /* DKSideViewController.h */ = {isa = PBXFileReference; fileEncoding = 4; lastKnownFileType = sourcecode.c.h; path = DKSideViewController.h; sourceTree = "<group>"; };
		75C74DEB18BA9C9E00BD09BC /* DKSideViewController.m */ = {isa = PBXFileReference; fileEncoding = 4; lastKnownFileType = sourcecode.c.objc; path = DKSideViewController.m; sourceTree = "<group>"; };
		75C74DED18BAA36700BD09BC /* bg.png */ = {isa = PBXFileReference; lastKnownFileType = image.png; path = bg.png; sourceTree = "<group>"; };
		75C74DF318BAA53300BD09BC /* DKImageView.h */ = {isa = PBXFileReference; fileEncoding = 4; lastKnownFileType = sourcecode.c.h; path = DKImageView.h; sourceTree = "<group>"; };
		75C74DF418BAA53300BD09BC /* DKImageView.m */ = {isa = PBXFileReference; fileEncoding = 4; lastKnownFileType = sourcecode.c.objc; path = DKImageView.m; sourceTree = "<group>"; };
		75C74DF518BAA53300BD09BC /* DKBlackOverlayView.h */ = {isa = PBXFileReference; fileEncoding = 4; lastKnownFileType = sourcecode.c.h; path = DKBlackOverlayView.h; sourceTree = "<group>"; };
		75C74DF618BAA53300BD09BC /* DKBlackOverlayView.m */ = {isa = PBXFileReference; fileEncoding = 4; lastKnownFileType = sourcecode.c.objc; path = DKBlackOverlayView.m; sourceTree = "<group>"; };
		75C74DF718BAA53300BD09BC /* DKImageOverlayView.h */ = {isa = PBXFileReference; fileEncoding = 4; lastKnownFileType = sourcecode.c.h; path = DKImageOverlayView.h; sourceTree = "<group>"; };
		75C74DF818BAA53300BD09BC /* DKImageOverlayView.m */ = {isa = PBXFileReference; fileEncoding = 4; lastKnownFileType = sourcecode.c.objc; path = DKImageOverlayView.m; sourceTree = "<group>"; };
		75C74DF918BAA53300BD09BC /* DKOverlayView.h */ = {isa = PBXFileReference; fileEncoding = 4; lastKnownFileType = sourcecode.c.h; path = DKOverlayView.h; sourceTree = "<group>"; };
		75C74DFA18BAA53300BD09BC /* DKOverlayView.m */ = {isa = PBXFileReference; fileEncoding = 4; lastKnownFileType = sourcecode.c.objc; path = DKOverlayView.m; sourceTree = "<group>"; };
		75C74DFF18BAA8F700BD09BC /* DKRatio.h */ = {isa = PBXFileReference; fileEncoding = 4; lastKnownFileType = sourcecode.c.h; path = DKRatio.h; sourceTree = "<group>"; };
		75C74E0018BAA8F700BD09BC /* DKRatio.m */ = {isa = PBXFileReference; fileEncoding = 4; lastKnownFileType = sourcecode.c.objc; path = DKRatio.m; sourceTree = "<group>"; };
/* End PBXFileReference section */

/* Begin PBXFrameworksBuildPhase section */
		75C74DA518BA9A8E00BD09BC /* Frameworks */ = {
			isa = PBXFrameworksBuildPhase;
			buildActionMask = 2147483647;
			files = (
				75C74DAE18BA9A8E00BD09BC /* CoreGraphics.framework in Frameworks */,
				75C74DB018BA9A8E00BD09BC /* UIKit.framework in Frameworks */,
				75C74DAC18BA9A8E00BD09BC /* Foundation.framework in Frameworks */,
			);
			runOnlyForDeploymentPostprocessing = 0;
		};
		75C74DC618BA9A8F00BD09BC /* Frameworks */ = {
			isa = PBXFrameworksBuildPhase;
			buildActionMask = 2147483647;
			files = (
				75C74DCB18BA9A8F00BD09BC /* XCTest.framework in Frameworks */,
				75C74DCD18BA9A8F00BD09BC /* UIKit.framework in Frameworks */,
				75C74DCC18BA9A8F00BD09BC /* Foundation.framework in Frameworks */,
			);
			runOnlyForDeploymentPostprocessing = 0;
		};
/* End PBXFrameworksBuildPhase section */

/* Begin PBXGroup section */
		75B2D94018D798A900C5808F /* ViewControllers */ = {
			isa = PBXGroup;
			children = (
				75B2D94118D798EC00C5808F /* DKPreviewViewController.h */,
				75B2D94218D798EC00C5808F /* DKPreviewViewController.m */,
			);
			name = ViewControllers;
			sourceTree = "<group>";
		};
		75C74D9F18BA9A8E00BD09BC = {
			isa = PBXGroup;
			children = (
				75C74DE018BA9B3900BD09BC /* ViewDeck */,
				75C74DB118BA9A8E00BD09BC /* DKImageView */,
				75C74DD018BA9A8F00BD09BC /* DKImageViewTests */,
				75C74DAA18BA9A8E00BD09BC /* Frameworks */,
				75C74DA918BA9A8E00BD09BC /* Products */,
			);
			sourceTree = "<group>";
		};
		75C74DA918BA9A8E00BD09BC /* Products */ = {
			isa = PBXGroup;
			children = (
				75C74DA818BA9A8E00BD09BC /* DKImageView.app */,
				75C74DC918BA9A8F00BD09BC /* DKImageViewTests.xctest */,
			);
			name = Products;
			sourceTree = "<group>";
		};
		75C74DAA18BA9A8E00BD09BC /* Frameworks */ = {
			isa = PBXGroup;
			children = (
				75C74DAB18BA9A8E00BD09BC /* Foundation.framework */,
				75C74DAD18BA9A8E00BD09BC /* CoreGraphics.framework */,
				75C74DAF18BA9A8E00BD09BC /* UIKit.framework */,
				75C74DCA18BA9A8F00BD09BC /* XCTest.framework */,
			);
			name = Frameworks;
			sourceTree = "<group>";
		};
		75C74DB118BA9A8E00BD09BC /* DKImageView */ = {
			isa = PBXGroup;
			children = (
				75C74DF218BAA53300BD09BC /* DKImageView */,
				75C74DBA18BA9A8F00BD09BC /* DKAppDelegate.h */,
				75C74DBB18BA9A8F00BD09BC /* DKAppDelegate.m */,
				75C74DC018BA9A8F00BD09BC /* DKViewController.h */,
				75C74DC118BA9A8F00BD09BC /* DKViewController.m */,
				75B2D94018D798A900C5808F /* ViewControllers */,
				75C74DB218BA9A8F00BD09BC /* Supporting Files */,
				75C74DEA18BA9C9E00BD09BC /* DKSideViewController.h */,
				75C74DEB18BA9C9E00BD09BC /* DKSideViewController.m */,
			);
			path = DKImageView;
			sourceTree = "<group>";
		};
		75C74DB218BA9A8F00BD09BC /* Supporting Files */ = {
			isa = PBXGroup;
			children = (
				75AD62CE18BAB1050052EF62 /* picture.png */,
				75C74DC318BA9A8F00BD09BC /* Images.xcassets */,
				75C74DBD18BA9A8F00BD09BC /* Main.storyboard */,
				75C74DED18BAA36700BD09BC /* bg.png */,
				75C74DB318BA9A8F00BD09BC /* DKImageView-Info.plist */,
				75C74DB418BA9A8F00BD09BC /* InfoPlist.strings */,
				75C74DB718BA9A8F00BD09BC /* main.m */,
				75C74DB918BA9A8F00BD09BC /* DKImageView-Prefix.pch */,
			);
			name = "Supporting Files";
			sourceTree = "<group>";
		};
		75C74DD018BA9A8F00BD09BC /* DKImageViewTests */ = {
			isa = PBXGroup;
			children = (
				75C74DD618BA9A8F00BD09BC /* DKImageViewTests.m */,
				75C74DD118BA9A8F00BD09BC /* Supporting Files */,
			);
			path = DKImageViewTests;
			sourceTree = "<group>";
		};
		75C74DD118BA9A8F00BD09BC /* Supporting Files */ = {
			isa = PBXGroup;
			children = (
				75C74DD218BA9A8F00BD09BC /* DKImageViewTests-Info.plist */,
				75C74DD318BA9A8F00BD09BC /* InfoPlist.strings */,
			);
			name = "Supporting Files";
			sourceTree = "<group>";
		};
		75C74DE018BA9B3900BD09BC /* ViewDeck */ = {
			isa = PBXGroup;
			children = (
				75C74DE118BA9B3900BD09BC /* IISideController.h */,
				75C74DE218BA9B3900BD09BC /* IISideController.m */,
				75C74DE318BA9B3900BD09BC /* IIViewDeckController.h */,
				75C74DE418BA9B3900BD09BC /* IIViewDeckController.m */,
				75C74DE518BA9B3900BD09BC /* IIWrapController.h */,
				75C74DE618BA9B3900BD09BC /* IIWrapController.m */,
			);
			name = ViewDeck;
			path = DKImageView/ViewDeck;
			sourceTree = "<group>";
		};
		75C74DF218BAA53300BD09BC /* DKImageView */ = {
			isa = PBXGroup;
			children = (
				75C74DF318BAA53300BD09BC /* DKImageView.h */,
				75C74DF418BAA53300BD09BC /* DKImageView.m */,
				75C74DF518BAA53300BD09BC /* DKBlackOverlayView.h */,
				75C74DF618BAA53300BD09BC /* DKBlackOverlayView.m */,
				75C74DF718BAA53300BD09BC /* DKImageOverlayView.h */,
				75C74DF818BAA53300BD09BC /* DKImageOverlayView.m */,
				75C74DF918BAA53300BD09BC /* DKOverlayView.h */,
				75C74DFA18BAA53300BD09BC /* DKOverlayView.m */,
				75C74DFF18BAA8F700BD09BC /* DKRatio.h */,
				75C74E0018BAA8F700BD09BC /* DKRatio.m */,
			);
			path = DKImageView;
			sourceTree = "<group>";
		};
/* End PBXGroup section */

/* Begin PBXNativeTarget section */
		75C74DA718BA9A8E00BD09BC /* DKImageView */ = {
			isa = PBXNativeTarget;
			buildConfigurationList = 75C74DDA18BA9A8F00BD09BC /* Build configuration list for PBXNativeTarget "DKImageView" */;
			buildPhases = (
				75C74DA418BA9A8E00BD09BC /* Sources */,
				75C74DA518BA9A8E00BD09BC /* Frameworks */,
				75C74DA618BA9A8E00BD09BC /* Resources */,
			);
			buildRules = (
			);
			dependencies = (
			);
			name = DKImageView;
			productName = DKImageView;
			productReference = 75C74DA818BA9A8E00BD09BC /* DKImageView.app */;
			productType = "com.apple.product-type.application";
		};
		75C74DC818BA9A8F00BD09BC /* DKImageViewTests */ = {
			isa = PBXNativeTarget;
			buildConfigurationList = 75C74DDD18BA9A8F00BD09BC /* Build configuration list for PBXNativeTarget "DKImageViewTests" */;
			buildPhases = (
				75C74DC518BA9A8F00BD09BC /* Sources */,
				75C74DC618BA9A8F00BD09BC /* Frameworks */,
				75C74DC718BA9A8F00BD09BC /* Resources */,
			);
			buildRules = (
			);
			dependencies = (
				75C74DCF18BA9A8F00BD09BC /* PBXTargetDependency */,
			);
			name = DKImageViewTests;
			productName = DKImageViewTests;
			productReference = 75C74DC918BA9A8F00BD09BC /* DKImageViewTests.xctest */;
			productType = "com.apple.product-type.bundle.unit-test";
		};
/* End PBXNativeTarget section */

/* Begin PBXProject section */
		75C74DA018BA9A8E00BD09BC /* Project object */ = {
			isa = PBXProject;
			attributes = {
				CLASSPREFIX = DK;
				LastUpgradeCheck = 0510;
				ORGANIZATIONNAME = DK;
				TargetAttributes = {
					75C74DC818BA9A8F00BD09BC = {
						TestTargetID = 75C74DA718BA9A8E00BD09BC;
					};
				};
			};
			buildConfigurationList = 75C74DA318BA9A8E00BD09BC /* Build configuration list for PBXProject "DKImageView" */;
			compatibilityVersion = "Xcode 3.2";
			developmentRegion = English;
			hasScannedForEncodings = 0;
			knownRegions = (
				en,
				Base,
			);
			mainGroup = 75C74D9F18BA9A8E00BD09BC;
			productRefGroup = 75C74DA918BA9A8E00BD09BC /* Products */;
			projectDirPath = "";
			projectRoot = "";
			targets = (
				75C74DA718BA9A8E00BD09BC /* DKImageView */,
				75C74DC818BA9A8F00BD09BC /* DKImageViewTests */,
			);
		};
/* End PBXProject section */

/* Begin PBXResourcesBuildPhase section */
		75C74DA618BA9A8E00BD09BC /* Resources */ = {
			isa = PBXResourcesBuildPhase;
			buildActionMask = 2147483647;
			files = (
				75C74DC418BA9A8F00BD09BC /* Images.xcassets in Resources */,
				75AD62CF18BAB1050052EF62 /* picture.png in Resources */,
				75C74DB618BA9A8F00BD09BC /* InfoPlist.strings in Resources */,
				75C74DEE18BAA36700BD09BC /* bg.png in Resources */,
				75C74DBF18BA9A8F00BD09BC /* Main.storyboard in Resources */,
			);
			runOnlyForDeploymentPostprocessing = 0;
		};
		75C74DC718BA9A8F00BD09BC /* Resources */ = {
			isa = PBXResourcesBuildPhase;
			buildActionMask = 2147483647;
			files = (
				75C74DD518BA9A8F00BD09BC /* InfoPlist.strings in Resources */,
			);
			runOnlyForDeploymentPostprocessing = 0;
		};
/* End PBXResourcesBuildPhase section */

/* Begin PBXSourcesBuildPhase section */
		75C74DA418BA9A8E00BD09BC /* Sources */ = {
			isa = PBXSourcesBuildPhase;
			buildActionMask = 2147483647;
			files = (
				75C74DFE18BAA53300BD09BC /* DKOverlayView.m in Sources */,
				75B2D94318D798EC00C5808F /* DKPreviewViewController.m in Sources */,
				75C74DE718BA9B3900BD09BC /* IISideController.m in Sources */,
				75C74DFD18BAA53300BD09BC /* DKImageOverlayView.m in Sources */,
				75C74DB818BA9A8F00BD09BC /* main.m in Sources */,
				75C74DE818BA9B3900BD09BC /* IIViewDeckController.m in Sources */,
				75C74DC218BA9A8F00BD09BC /* DKViewController.m in Sources */,
				75C74E0118BAA8F700BD09BC /* DKRatio.m in Sources */,
				75C74DBC18BA9A8F00BD09BC /* DKAppDelegate.m in Sources */,
				75C74DFC18BAA53300BD09BC /* DKBlackOverlayView.m in Sources */,
				75C74DFB18BAA53300BD09BC /* DKImageView.m in Sources */,
				75C74DEC18BA9C9E00BD09BC /* DKSideViewController.m in Sources */,
				75C74DE918BA9B3900BD09BC /* IIWrapController.m in Sources */,
			);
			runOnlyForDeploymentPostprocessing = 0;
		};
		75C74DC518BA9A8F00BD09BC /* Sources */ = {
			isa = PBXSourcesBuildPhase;
			buildActionMask = 2147483647;
			files = (
				75C74DD718BA9A8F00BD09BC /* DKImageViewTests.m in Sources */,
			);
			runOnlyForDeploymentPostprocessing = 0;
		};
/* End PBXSourcesBuildPhase section */

/* Begin PBXTargetDependency section */
		75C74DCF18BA9A8F00BD09BC /* PBXTargetDependency */ = {
			isa = PBXTargetDependency;
			target = 75C74DA718BA9A8E00BD09BC /* DKImageView */;
			targetProxy = 75C74DCE18BA9A8F00BD09BC /* PBXContainerItemProxy */;
		};
/* End PBXTargetDependency section */

/* Begin PBXVariantGroup section */
		75C74DB418BA9A8F00BD09BC /* InfoPlist.strings */ = {
			isa = PBXVariantGroup;
			children = (
				75C74DB518BA9A8F00BD09BC /* en */,
			);
			name = InfoPlist.strings;
			sourceTree = "<group>";
		};
		75C74DBD18BA9A8F00BD09BC /* Main.storyboard */ = {
			isa = PBXVariantGroup;
			children = (
				75C74DBE18BA9A8F00BD09BC /* Base */,
			);
			name = Main.storyboard;
			sourceTree = "<group>";
		};
		75C74DD318BA9A8F00BD09BC /* InfoPlist.strings */ = {
			isa = PBXVariantGroup;
			children = (
				75C74DD418BA9A8F00BD09BC /* en */,
			);
			name = InfoPlist.strings;
			sourceTree = "<group>";
		};
/* End PBXVariantGroup section */

/* Begin XCBuildConfiguration section */
		75C74DD818BA9A8F00BD09BC /* Debug */ = {
			isa = XCBuildConfiguration;
			buildSettings = {
				ALWAYS_SEARCH_USER_PATHS = NO;
				CLANG_CXX_LANGUAGE_STANDARD = "gnu++0x";
				CLANG_CXX_LIBRARY = "libc++";
				CLANG_ENABLE_MODULES = YES;
				CLANG_ENABLE_OBJC_ARC = YES;
				CLANG_WARN_BOOL_CONVERSION = YES;
				CLANG_WARN_CONSTANT_CONVERSION = YES;
				CLANG_WARN_DIRECT_OBJC_ISA_USAGE = YES_ERROR;
				CLANG_WARN_EMPTY_BODY = YES;
				CLANG_WARN_ENUM_CONVERSION = YES;
				CLANG_WARN_INT_CONVERSION = YES;
				CLANG_WARN_OBJC_ROOT_CLASS = YES_ERROR;
				CLANG_WARN__DUPLICATE_METHOD_MATCH = YES;
				"CODE_SIGN_IDENTITY[sdk=iphoneos*]" = "iPhone Developer";
				COPY_PHASE_STRIP = NO;
				GCC_C_LANGUAGE_STANDARD = gnu99;
				GCC_DYNAMIC_NO_PIC = NO;
				GCC_OPTIMIZATION_LEVEL = 0;
				GCC_PREPROCESSOR_DEFINITIONS = (
					"DEBUG=1",
					"$(inherited)",
				);
				GCC_SYMBOLS_PRIVATE_EXTERN = NO;
				GCC_WARN_64_TO_32_BIT_CONVERSION = YES;
				GCC_WARN_ABOUT_RETURN_TYPE = YES_ERROR;
				GCC_WARN_UNDECLARED_SELECTOR = YES;
				GCC_WARN_UNINITIALIZED_AUTOS = YES;
				GCC_WARN_UNUSED_FUNCTION = YES;
				GCC_WARN_UNUSED_VARIABLE = YES;
				IPHONEOS_DEPLOYMENT_TARGET = 7.0;
				ONLY_ACTIVE_ARCH = YES;
				SDKROOT = iphoneos;
			};
			name = Debug;
		};
		75C74DD918BA9A8F00BD09BC /* Release */ = {
			isa = XCBuildConfiguration;
			buildSettings = {
				ALWAYS_SEARCH_USER_PATHS = NO;
				CLANG_CXX_LANGUAGE_STANDARD = "gnu++0x";
				CLANG_CXX_LIBRARY = "libc++";
				CLANG_ENABLE_MODULES = YES;
				CLANG_ENABLE_OBJC_ARC = YES;
				CLANG_WARN_BOOL_CONVERSION = YES;
				CLANG_WARN_CONSTANT_CONVERSION = YES;
				CLANG_WARN_DIRECT_OBJC_ISA_USAGE = YES_ERROR;
				CLANG_WARN_EMPTY_BODY = YES;
				CLANG_WARN_ENUM_CONVERSION = YES;
				CLANG_WARN_INT_CONVERSION = YES;
				CLANG_WARN_OBJC_ROOT_CLASS = YES_ERROR;
				CLANG_WARN__DUPLICATE_METHOD_MATCH = YES;
				"CODE_SIGN_IDENTITY[sdk=iphoneos*]" = "iPhone Developer";
				COPY_PHASE_STRIP = YES;
				ENABLE_NS_ASSERTIONS = NO;
				GCC_C_LANGUAGE_STANDARD = gnu99;
				GCC_WARN_64_TO_32_BIT_CONVERSION = YES;
				GCC_WARN_ABOUT_RETURN_TYPE = YES_ERROR;
				GCC_WARN_UNDECLARED_SELECTOR = YES;
				GCC_WARN_UNINITIALIZED_AUTOS = YES;
				GCC_WARN_UNUSED_FUNCTION = YES;
				GCC_WARN_UNUSED_VARIABLE = YES;
				IPHONEOS_DEPLOYMENT_TARGET = 7.0;
				SDKROOT = iphoneos;
				VALIDATE_PRODUCT = YES;
			};
			name = Release;
		};
		75C74DDB18BA9A8F00BD09BC /* Debug */ = {
			isa = XCBuildConfiguration;
			buildSettings = {
				ASSETCATALOG_COMPILER_APPICON_NAME = AppIcon;
				ASSETCATALOG_COMPILER_LAUNCHIMAGE_NAME = LaunchImage;
				GCC_PRECOMPILE_PREFIX_HEADER = YES;
				GCC_PREFIX_HEADER = "DKImageView/DKImageView-Prefix.pch";
				INFOPLIST_FILE = "DKImageView/DKImageView-Info.plist";
				PRODUCT_NAME = "$(TARGET_NAME)";
				WRAPPER_EXTENSION = app;
			};
			name = Debug;
		};
		75C74DDC18BA9A8F00BD09BC /* Release */ = {
			isa = XCBuildConfiguration;
			buildSettings = {
				ASSETCATALOG_COMPILER_APPICON_NAME = AppIcon;
				ASSETCATALOG_COMPILER_LAUNCHIMAGE_NAME = LaunchImage;
				GCC_PRECOMPILE_PREFIX_HEADER = YES;
				GCC_PREFIX_HEADER = "DKImageView/DKImageView-Prefix.pch";
				INFOPLIST_FILE = "DKImageView/DKImageView-Info.plist";
				PRODUCT_NAME = "$(TARGET_NAME)";
				WRAPPER_EXTENSION = app;
			};
			name = Release;
		};
		75C74DDE18BA9A8F00BD09BC /* Debug */ = {
			isa = XCBuildConfiguration;
			buildSettings = {
				BUNDLE_LOADER = "$(BUILT_PRODUCTS_DIR)/DKImageView.app/DKImageView";
				FRAMEWORK_SEARCH_PATHS = (
					"$(SDKROOT)/Developer/Library/Frameworks",
					"$(inherited)",
					"$(DEVELOPER_FRAMEWORKS_DIR)",
				);
				GCC_PRECOMPILE_PREFIX_HEADER = YES;
				GCC_PREFIX_HEADER = "DKImageView/DKImageView-Prefix.pch";
				GCC_PREPROCESSOR_DEFINITIONS = (
					"DEBUG=1",
					"$(inherited)",
				);
				INFOPLIST_FILE = "DKImageViewTests/DKImageViewTests-Info.plist";
				PRODUCT_NAME = "$(TARGET_NAME)";
				TEST_HOST = "$(BUNDLE_LOADER)";
				WRAPPER_EXTENSION = xctest;
			};
			name = Debug;
		};
		75C74DDF18BA9A8F00BD09BC /* Release */ = {
			isa = XCBuildConfiguration;
			buildSettings = {
				BUNDLE_LOADER = "$(BUILT_PRODUCTS_DIR)/DKImageView.app/DKImageView";
				FRAMEWORK_SEARCH_PATHS = (
					"$(SDKROOT)/Developer/Library/Frameworks",
					"$(inherited)",
					"$(DEVELOPER_FRAMEWORKS_DIR)",
				);
				GCC_PRECOMPILE_PREFIX_HEADER = YES;
				GCC_PREFIX_HEADER = "DKImageView/DKImageView-Prefix.pch";
				INFOPLIST_FILE = "DKImageViewTests/DKImageViewTests-Info.plist";
				PRODUCT_NAME = "$(TARGET_NAME)";
				TEST_HOST = "$(BUNDLE_LOADER)";
				WRAPPER_EXTENSION = xctest;
			};
			name = Release;
		};
/* End XCBuildConfiguration section */

/* Begin XCConfigurationList section */
		75C74DA318BA9A8E00BD09BC /* Build configuration list for PBXProject "DKImageView" */ = {
			isa = XCConfigurationList;
			buildConfigurations = (
				75C74DD818BA9A8F00BD09BC /* Debug */,
				75C74DD918BA9A8F00BD09BC /* Release */,
			);
			defaultConfigurationIsVisible = 0;
			defaultConfigurationName = Release;
		};
		75C74DDA18BA9A8F00BD09BC /* Build configuration list for PBXNativeTarget "DKImageView" */ = {
			isa = XCConfigurationList;
			buildConfigurations = (
				75C74DDB18BA9A8F00BD09BC /* Debug */,
				75C74DDC18BA9A8F00BD09BC /* Release */,
			);
			defaultConfigurationIsVisible = 0;
			defaultConfigurationName = Release;
		};
		75C74DDD18BA9A8F00BD09BC /* Build configuration list for PBXNativeTarget "DKImageViewTests" */ = {
			isa = XCConfigurationList;
			buildConfigurations = (
				75C74DDE18BA9A8F00BD09BC /* Debug */,
				75C74DDF18BA9A8F00BD09BC /* Release */,
			);
			defaultConfigurationIsVisible = 0;
			defaultConfigurationName = Release;
		};
/* End XCConfigurationList section */
	};
	rootObject = 75C74DA018BA9A8E00BD09BC /* Project object */;
}
